
Microsoft Visual Studio Solution File, Format Version 12.00
# Visual Studio 15
VisualStudioVersion = 15.0.27703.2047
MinimumVisualStudioVersion = 10.0.40219.1
Project("{FAE04EC0-301F-11D3-BF4B-00C04F79EFBC}") = "SortingAlgorithms", "SortingAlgorithms\SortingAlgorithms.csproj", "{2C200C85-C31B-41D8-A544-FEC50C7F5847}"
EndProject
Global
	GlobalSection(SolutionConfigurationPlatforms) = preSolution
		Debug|Any CPU = Debug|Any CPU
		Release|Any CPU = Release|Any CPU
	EndGlobalSection
	GlobalSection(ProjectConfigurationPlatforms) = postSolution
		{2C200C85-C31B-41D8-A544-FEC50C7F5847}.Debug|Any CPU.ActiveCfg = Debug|Any CPU
		{2C200C85-C31B-41D8-A544-FEC50C7F5847}.Debug|Any CPU.Build.0 = Debug|Any CPU
		{2C200C85-C31B-41D8-A544-FEC50C7F5847}.Release|Any CPU.ActiveCfg = Release|Any CPU
		{2C200C85-C31B-41D8-A544-FEC50C7F5847}.Release|Any CPU.Build.0 = Release|Any CPU
	EndGlobalSection
	GlobalSection(SolutionProperties) = preSolution
		HideSolutionNode = FALSE
	EndGlobalSection
	GlobalSection(ExtensibilityGlobals) = postSolution
		SolutionGuid = {F5513278-74DF-4192-BB52-44C5ED89575B}
	EndGlobalSection
EndGlobal
