
Microsoft Visual Studio Solution File, Format Version 12.00
# Visual Studio Version 16
VisualStudioVersion = 16.0.30204.135
MinimumVisualStudioVersion = 10.0.40219.1
Project("{FAE04EC0-301F-11D3-BF4B-00C04F79EFBC}") = "01-StackAndQueueAlgorithms", "StackAndQueueAlgorithms\01-StackAndQueueAlgorithms.csproj", "{DE882764-75B6-437C-BB94-9EC839FC2C2D}"
EndProject
Project("{FAE04EC0-301F-11D3-BF4B-00C04F79EFBC}") = "02-UnionIntersectEtc", "UnionIntersectEtc\02-UnionIntersectEtc.csproj", "{FFDB45B1-0014-49ED-B2DC-602A3FDD6F07}"
EndProject
Project("{FAE04EC0-301F-11D3-BF4B-00C04F79EFBC}") = "03-Sequences", "Sequences\03-Sequences.csproj", "{964D6F98-6861-4D21-A380-3A99F6E379F5}"
EndProject
Global
	GlobalSection(SolutionConfigurationPlatforms) = preSolution
		Debug|Any CPU = Debug|Any CPU
		Release|Any CPU = Release|Any CPU
	EndGlobalSection
	GlobalSection(ProjectConfigurationPlatforms) = postSolution
		{DE882764-75B6-437C-BB94-9EC839FC2C2D}.Debug|Any CPU.ActiveCfg = Debug|Any CPU
		{DE882764-75B6-437C-BB94-9EC839FC2C2D}.Debug|Any CPU.Build.0 = Debug|Any CPU
		{DE882764-75B6-437C-BB94-9EC839FC2C2D}.Release|Any CPU.ActiveCfg = Release|Any CPU
		{DE882764-75B6-437C-BB94-9EC839FC2C2D}.Release|Any CPU.Build.0 = Release|Any CPU
		{FFDB45B1-0014-49ED-B2DC-602A3FDD6F07}.Debug|Any CPU.ActiveCfg = Debug|Any CPU
		{FFDB45B1-0014-49ED-B2DC-602A3FDD6F07}.Debug|Any CPU.Build.0 = Debug|Any CPU
		{FFDB45B1-0014-49ED-B2DC-602A3FDD6F07}.Release|Any CPU.ActiveCfg = Release|Any CPU
		{FFDB45B1-0014-49ED-B2DC-602A3FDD6F07}.Release|Any CPU.Build.0 = Release|Any CPU
		{964D6F98-6861-4D21-A380-3A99F6E379F5}.Debug|Any CPU.ActiveCfg = Debug|Any CPU
		{964D6F98-6861-4D21-A380-3A99F6E379F5}.Debug|Any CPU.Build.0 = Debug|Any CPU
		{964D6F98-6861-4D21-A380-3A99F6E379F5}.Release|Any CPU.ActiveCfg = Release|Any CPU
		{964D6F98-6861-4D21-A380-3A99F6E379F5}.Release|Any CPU.Build.0 = Release|Any CPU
	EndGlobalSection
	GlobalSection(SolutionProperties) = preSolution
		HideSolutionNode = FALSE
	EndGlobalSection
	GlobalSection(ExtensibilityGlobals) = postSolution
		SolutionGuid = {6BDF123B-4B54-4C95-951C-A2BF0B152E9E}
	EndGlobalSection
EndGlobal
