
Microsoft Visual Studio Solution File, Format Version 12.00
# Visual Studio Version 16
VisualStudioVersion = 16.0.30621.155
MinimumVisualStudioVersion = 10.0.40219.1
Project("{FAE04EC0-301F-11D3-BF4B-00C04F79EFBC}") = "Trapezoid-Area", "Trapezoid-Area\Trapezoid-Area.csproj", "{B013F804-BF24-43A5-B330-B176FD692A0E}"
EndProject
Project("{FAE04EC0-301F-11D3-BF4B-00C04F79EFBC}") = "StudyHall", "StudyHall\StudyHall.csproj", "{55DD5831-5402-4BBE-A602-87896CC6DC22}"
EndProject
Global
	GlobalSection(SolutionConfigurationPlatforms) = preSolution
		Debug|Any CPU = Debug|Any CPU
		Release|Any CPU = Release|Any CPU
	EndGlobalSection
	GlobalSection(ProjectConfigurationPlatforms) = postSolution
		{B013F804-BF24-43A5-B330-B176FD692A0E}.Debug|Any CPU.ActiveCfg = Debug|Any CPU
		{B013F804-BF24-43A5-B330-B176FD692A0E}.Debug|Any CPU.Build.0 = Debug|Any CPU
		{B013F804-BF24-43A5-B330-B176FD692A0E}.Release|Any CPU.ActiveCfg = Release|Any CPU
		{B013F804-BF24-43A5-B330-B176FD692A0E}.Release|Any CPU.Build.0 = Release|Any CPU
		{55DD5831-5402-4BBE-A602-87896CC6DC22}.Debug|Any CPU.ActiveCfg = Debug|Any CPU
		{55DD5831-5402-4BBE-A602-87896CC6DC22}.Debug|Any CPU.Build.0 = Debug|Any CPU
		{55DD5831-5402-4BBE-A602-87896CC6DC22}.Release|Any CPU.ActiveCfg = Release|Any CPU
		{55DD5831-5402-4BBE-A602-87896CC6DC22}.Release|Any CPU.Build.0 = Release|Any CPU
	EndGlobalSection
	GlobalSection(SolutionProperties) = preSolution
		HideSolutionNode = FALSE
	EndGlobalSection
	GlobalSection(ExtensibilityGlobals) = postSolution
		SolutionGuid = {BEC906B3-3241-41EB-801E-F40F8556C4C4}
	EndGlobalSection
EndGlobal
