
Microsoft Visual Studio Solution File, Format Version 12.00
# Visual Studio Version 16
VisualStudioVersion = 16.0.30621.155
MinimumVisualStudioVersion = 10.0.40219.1
Project("{FAE04EC0-301F-11D3-BF4B-00C04F79EFBC}") = "Excellent-Result", "Excellent-Result\Excellent-Result.csproj", "{659F9382-17F6-4088-8B09-A0D61B1E7D0A}"
EndProject
Project("{FAE04EC0-301F-11D3-BF4B-00C04F79EFBC}") = "ThreeOfAKind", "ThreeOfAKind\ThreeOfAKind.csproj", "{942B3A99-37E4-46E2-AF6C-B590C8F869A7}"
EndProject
Global
	GlobalSection(SolutionConfigurationPlatforms) = preSolution
		Debug|Any CPU = Debug|Any CPU
		Release|Any CPU = Release|Any CPU
	EndGlobalSection
	GlobalSection(ProjectConfigurationPlatforms) = postSolution
		{659F9382-17F6-4088-8B09-A0D61B1E7D0A}.Debug|Any CPU.ActiveCfg = Debug|Any CPU
		{659F9382-17F6-4088-8B09-A0D61B1E7D0A}.Debug|Any CPU.Build.0 = Debug|Any CPU
		{659F9382-17F6-4088-8B09-A0D61B1E7D0A}.Release|Any CPU.ActiveCfg = Release|Any CPU
		{659F9382-17F6-4088-8B09-A0D61B1E7D0A}.Release|Any CPU.Build.0 = Release|Any CPU
		{942B3A99-37E4-46E2-AF6C-B590C8F869A7}.Debug|Any CPU.ActiveCfg = Debug|Any CPU
		{942B3A99-37E4-46E2-AF6C-B590C8F869A7}.Debug|Any CPU.Build.0 = Debug|Any CPU
		{942B3A99-37E4-46E2-AF6C-B590C8F869A7}.Release|Any CPU.ActiveCfg = Release|Any CPU
		{942B3A99-37E4-46E2-AF6C-B590C8F869A7}.Release|Any CPU.Build.0 = Release|Any CPU
	EndGlobalSection
	GlobalSection(SolutionProperties) = preSolution
		HideSolutionNode = FALSE
	EndGlobalSection
	GlobalSection(ExtensibilityGlobals) = postSolution
		SolutionGuid = {52A5F169-A19F-4ED9-B0FD-458ADEB82C56}
	EndGlobalSection
EndGlobal
